
Microsoft Visual Studio Solution File, Format Version 12.00
# Visual Studio Version 17
VisualStudioVersion = 17.5.002.0
MinimumVisualStudioVersion = 10.0.40219.1
Project("{9A19103F-16F7-4668-BE54-9A1E7A4F7556}") = "ECom", "ECom.csproj", "{8DC9EF8B-79E7-457E-B401-09DFCFA53886}"
EndProject
Global
	GlobalSection(SolutionConfigurationPlatforms) = preSolution
		Debug|Any CPU = Debug|Any CPU
		Release|Any CPU = Release|Any CPU
	EndGlobalSection
	GlobalSection(ProjectConfigurationPlatforms) = postSolution
		{8DC9EF8B-79E7-457E-B401-09DFCFA53886}.Debug|Any CPU.ActiveCfg = Debug|Any CPU
		{8DC9EF8B-79E7-457E-B401-09DFCFA53886}.Debug|Any CPU.Build.0 = Debug|Any CPU
		{8DC9EF8B-79E7-457E-B401-09DFCFA53886}.Release|Any CPU.ActiveCfg = Release|Any CPU
		{8DC9EF8B-79E7-457E-B401-09DFCFA53886}.Release|Any CPU.Build.0 = Release|Any CPU
	EndGlobalSection
	GlobalSection(SolutionProperties) = preSolution
		HideSolutionNode = FALSE
	EndGlobalSection
	GlobalSection(ExtensibilityGlobals) = postSolution
		SolutionGuid = {A0E96872-C878-4777-A14B-977B863D0601}
	EndGlobalSection
EndGlobal
